{
  "name": "mdr-compiler",
  "version": "0.1.0",
  "lockfileVersion": 3,
  "requires": true,
  "packages": {
    "": {
      "name": "mdr-compiler",
      "version": "0.1.0",
      "dependencies": {
        "tex2typst": "^0.6.0"
      },
      "bin": {
        "mdr": "src/cli.js"
      }
    },
    "node_modules/tex2typst": {
      "version": "0.6.2",
      "resolved": "https://registry.npmjs.org/tex2typst/-/tex2typst-0.6.2.tgz",
      "integrity": "sha512-KQwpKUZ3kWI/cBEChFhVPJJV5/61R2Eb0epL6AGlQTKdto4OZer9wX4F2mbTsThVJPeLP4Ax0CkUk23IdcgnGQ==",
      "license": "Apache-2.0"
    }
  }
}
